
Microsoft Visual Studio Solution File, Format Version 12.00
# Visual Studio 15
Project("{FAE04EC0-301F-11D3-BF4B-00C04F79EFBC}") = "Edgar.Unity", "Edgar.Unity.csproj", "{FA04589C-39F8-3724-17D6-0F85D78DA5A8}"
EndProject
Project("{FAE04EC0-301F-11D3-BF4B-00C04F79EFBC}") = "Assembly-CSharp", "Assembly-CSharp.csproj", "{326697E7-E690-1006-5FE0-1959AE2FC86B}"
EndProject
Project("{FAE04EC0-301F-11D3-BF4B-00C04F79EFBC}") = "UniTask", "UniTask.csproj", "{2A862055-8159-7C2C-D85C-B9EC53151D70}"
EndProject
Project("{FAE04EC0-301F-11D3-BF4B-00C04F79EFBC}") = "UniTask.Linq", "UniTask.Linq.csproj", "{B2984D52-237A-F11B-E2FE-81FB1BC2F570}"
EndProject
Project("{FAE04EC0-301F-11D3-BF4B-00C04F79EFBC}") = "Edgar.Unity.Editor", "Edgar.Unity.Editor.csproj", "{9AF09DF1-DD81-30F9-38DE-6E583F29D3C2}"
EndProject
Project("{FAE04EC0-301F-11D3-BF4B-00C04F79EFBC}") = "Edgar.Unity.Examples", "Edgar.Unity.Examples.csproj", "{5EEFA2AF-693D-818E-CC99-39E2F05BAF96}"
EndProject
Project("{FAE04EC0-301F-11D3-BF4B-00C04F79EFBC}") = "Assembly-CSharp-firstpass", "Assembly-CSharp-firstpass.csproj", "{A01EDB37-C462-6D16-A45F-CF1EB814D093}"
EndProject
Project("{FAE04EC0-301F-11D3-BF4B-00C04F79EFBC}") = "UniTask.Addressables", "UniTask.Addressables.csproj", "{601742B8-13FB-57B7-7990-24F88F7ED5B5}"
EndProject
Project("{FAE04EC0-301F-11D3-BF4B-00C04F79EFBC}") = "UniTask.TextMeshPro", "UniTask.TextMeshPro.csproj", "{A0228145-8A0A-8A0B-913A-EE8A749AE0A4}"
EndProject
Project("{FAE04EC0-301F-11D3-BF4B-00C04F79EFBC}") = "UniTask.DOTween", "UniTask.DOTween.csproj", "{22A6B5DB-3327-379F-B2C1-8A23E05B81BB}"
EndProject
Project("{FAE04EC0-301F-11D3-BF4B-00C04F79EFBC}") = "Assembly-CSharp-Editor", "Assembly-CSharp-Editor.csproj", "{7BE99BDE-AC1D-5CFE-AF2F-3C473E153464}"
EndProject
Project("{FAE04EC0-301F-11D3-BF4B-00C04F79EFBC}") = "UniTask.Editor", "UniTask.Editor.csproj", "{72AEC874-0163-9BF2-AA62-2EE47C30CE89}"
EndProject
Project("{FAE04EC0-301F-11D3-BF4B-00C04F79EFBC}") = "Assembly-CSharp-Editor-firstpass", "Assembly-CSharp-Editor-firstpass.csproj", "{CDB50570-8F5C-3A1B-A82E-4C42D5A2A559}"
EndProject
Project("{FAE04EC0-301F-11D3-BF4B-00C04F79EFBC}") = "Edgar.Unity.FogOfWar.URP", "Edgar.Unity.FogOfWar.URP.csproj", "{D4A49C65-DA9A-24ED-8305-028ED0734987}"
EndProject
Global
	GlobalSection(SolutionConfigurationPlatforms) = preSolution
		Debug|Any CPU = Debug|Any CPU
		Release|Any CPU = Release|Any CPU
	EndGlobalSection
	GlobalSection(ProjectConfigurationPlatforms) = postSolution
		{FA04589C-39F8-3724-17D6-0F85D78DA5A8}.Debug|Any CPU.ActiveCfg = Debug|Any CPU
		{FA04589C-39F8-3724-17D6-0F85D78DA5A8}.Debug|Any CPU.Build.0 = Debug|Any CPU
		{FA04589C-39F8-3724-17D6-0F85D78DA5A8}.Release|Any CPU.ActiveCfg = Release|Any CPU
		{FA04589C-39F8-3724-17D6-0F85D78DA5A8}.Release|Any CPU.Build.0 = Release|Any CPU
		{326697E7-E690-1006-5FE0-1959AE2FC86B}.Debug|Any CPU.ActiveCfg = Debug|Any CPU
		{326697E7-E690-1006-5FE0-1959AE2FC86B}.Debug|Any CPU.Build.0 = Debug|Any CPU
		{326697E7-E690-1006-5FE0-1959AE2FC86B}.Release|Any CPU.ActiveCfg = Release|Any CPU
		{326697E7-E690-1006-5FE0-1959AE2FC86B}.Release|Any CPU.Build.0 = Release|Any CPU
		{2A862055-8159-7C2C-D85C-B9EC53151D70}.Debug|Any CPU.ActiveCfg = Debug|Any CPU
		{2A862055-8159-7C2C-D85C-B9EC53151D70}.Debug|Any CPU.Build.0 = Debug|Any CPU
		{2A862055-8159-7C2C-D85C-B9EC53151D70}.Release|Any CPU.ActiveCfg = Release|Any CPU
		{2A862055-8159-7C2C-D85C-B9EC53151D70}.Release|Any CPU.Build.0 = Release|Any CPU
		{B2984D52-237A-F11B-E2FE-81FB1BC2F570}.Debug|Any CPU.ActiveCfg = Debug|Any CPU
		{B2984D52-237A-F11B-E2FE-81FB1BC2F570}.Debug|Any CPU.Build.0 = Debug|Any CPU
		{B2984D52-237A-F11B-E2FE-81FB1BC2F570}.Release|Any CPU.ActiveCfg = Release|Any CPU
		{B2984D52-237A-F11B-E2FE-81FB1BC2F570}.Release|Any CPU.Build.0 = Release|Any CPU
		{9AF09DF1-DD81-30F9-38DE-6E583F29D3C2}.Debug|Any CPU.ActiveCfg = Debug|Any CPU
		{9AF09DF1-DD81-30F9-38DE-6E583F29D3C2}.Debug|Any CPU.Build.0 = Debug|Any CPU
		{9AF09DF1-DD81-30F9-38DE-6E583F29D3C2}.Release|Any CPU.ActiveCfg = Release|Any CPU
		{9AF09DF1-DD81-30F9-38DE-6E583F29D3C2}.Release|Any CPU.Build.0 = Release|Any CPU
		{5EEFA2AF-693D-818E-CC99-39E2F05BAF96}.Debug|Any CPU.ActiveCfg = Debug|Any CPU
		{5EEFA2AF-693D-818E-CC99-39E2F05BAF96}.Debug|Any CPU.Build.0 = Debug|Any CPU
		{5EEFA2AF-693D-818E-CC99-39E2F05BAF96}.Release|Any CPU.ActiveCfg = Release|Any CPU
		{5EEFA2AF-693D-818E-CC99-39E2F05BAF96}.Release|Any CPU.Build.0 = Release|Any CPU
		{A01EDB37-C462-6D16-A45F-CF1EB814D093}.Debug|Any CPU.ActiveCfg = Debug|Any CPU
		{A01EDB37-C462-6D16-A45F-CF1EB814D093}.Debug|Any CPU.Build.0 = Debug|Any CPU
		{A01EDB37-C462-6D16-A45F-CF1EB814D093}.Release|Any CPU.ActiveCfg = Release|Any CPU
		{A01EDB37-C462-6D16-A45F-CF1EB814D093}.Release|Any CPU.Build.0 = Release|Any CPU
		{601742B8-13FB-57B7-7990-24F88F7ED5B5}.Debug|Any CPU.ActiveCfg = Debug|Any CPU
		{601742B8-13FB-57B7-7990-24F88F7ED5B5}.Debug|Any CPU.Build.0 = Debug|Any CPU
		{601742B8-13FB-57B7-7990-24F88F7ED5B5}.Release|Any CPU.ActiveCfg = Release|Any CPU
		{601742B8-13FB-57B7-7990-24F88F7ED5B5}.Release|Any CPU.Build.0 = Release|Any CPU
		{A0228145-8A0A-8A0B-913A-EE8A749AE0A4}.Debug|Any CPU.ActiveCfg = Debug|Any CPU
		{A0228145-8A0A-8A0B-913A-EE8A749AE0A4}.Debug|Any CPU.Build.0 = Debug|Any CPU
		{A0228145-8A0A-8A0B-913A-EE8A749AE0A4}.Release|Any CPU.ActiveCfg = Release|Any CPU
		{A0228145-8A0A-8A0B-913A-EE8A749AE0A4}.Release|Any CPU.Build.0 = Release|Any CPU
		{22A6B5DB-3327-379F-B2C1-8A23E05B81BB}.Debug|Any CPU.ActiveCfg = Debug|Any CPU
		{22A6B5DB-3327-379F-B2C1-8A23E05B81BB}.Debug|Any CPU.Build.0 = Debug|Any CPU
		{22A6B5DB-3327-379F-B2C1-8A23E05B81BB}.Release|Any CPU.ActiveCfg = Release|Any CPU
		{22A6B5DB-3327-379F-B2C1-8A23E05B81BB}.Release|Any CPU.Build.0 = Release|Any CPU
		{7BE99BDE-AC1D-5CFE-AF2F-3C473E153464}.Debug|Any CPU.ActiveCfg = Debug|Any CPU
		{7BE99BDE-AC1D-5CFE-AF2F-3C473E153464}.Debug|Any CPU.Build.0 = Debug|Any CPU
		{7BE99BDE-AC1D-5CFE-AF2F-3C473E153464}.Release|Any CPU.ActiveCfg = Release|Any CPU
		{7BE99BDE-AC1D-5CFE-AF2F-3C473E153464}.Release|Any CPU.Build.0 = Release|Any CPU
		{72AEC874-0163-9BF2-AA62-2EE47C30CE89}.Debug|Any CPU.ActiveCfg = Debug|Any CPU
		{72AEC874-0163-9BF2-AA62-2EE47C30CE89}.Debug|Any CPU.Build.0 = Debug|Any CPU
		{72AEC874-0163-9BF2-AA62-2EE47C30CE89}.Release|Any CPU.ActiveCfg = Release|Any CPU
		{72AEC874-0163-9BF2-AA62-2EE47C30CE89}.Release|Any CPU.Build.0 = Release|Any CPU
		{CDB50570-8F5C-3A1B-A82E-4C42D5A2A559}.Debug|Any CPU.ActiveCfg = Debug|Any CPU
		{CDB50570-8F5C-3A1B-A82E-4C42D5A2A559}.Debug|Any CPU.Build.0 = Debug|Any CPU
		{CDB50570-8F5C-3A1B-A82E-4C42D5A2A559}.Release|Any CPU.ActiveCfg = Release|Any CPU
		{CDB50570-8F5C-3A1B-A82E-4C42D5A2A559}.Release|Any CPU.Build.0 = Release|Any CPU
		{D4A49C65-DA9A-24ED-8305-028ED0734987}.Debug|Any CPU.ActiveCfg = Debug|Any CPU
		{D4A49C65-DA9A-24ED-8305-028ED0734987}.Debug|Any CPU.Build.0 = Debug|Any CPU
		{D4A49C65-DA9A-24ED-8305-028ED0734987}.Release|Any CPU.ActiveCfg = Release|Any CPU
		{D4A49C65-DA9A-24ED-8305-028ED0734987}.Release|Any CPU.Build.0 = Release|Any CPU
	EndGlobalSection
	GlobalSection(SolutionProperties) = preSolution
		HideSolutionNode = FALSE
	EndGlobalSection
EndGlobal
